// !$*UTF8*$!
{
	archiveVersion = 1;
	classes = {
	};
	objectVersion = 51;
	objects = {

/* Begin PBXBuildFile section */
		352C9404264816CB00FFC8CE /* AppDelegate.swift in Sources */ = {isa = PBXBuildFile; fileRef = 352C9403264816CB00FFC8CE /* AppDelegate.swift */; };
		352C9406264816CB00FFC8CE /* SceneDelegate.swift in Sources */ = {isa = PBXBuildFile; fileRef = 352C9405264816CB00FFC8CE /* SceneDelegate.swift */; };
		352C9408264816CB00FFC8CE /* ViewController.swift in Sources */ = {isa = PBXBuildFile; fileRef = 352C9407264816CB00FFC8CE /* ViewController.swift */; };
		352C940B264816CB00FFC8CE /* Main.storyboard in Resources */ = {isa = PBXBuildFile; fileRef = 352C9409264816CB00FFC8CE /* Main.storyboard */; };
		352C940D264816CF00FFC8CE /* Assets.xcassets in Resources */ = {isa = PBXBuildFile; fileRef = 352C940C264816CF00FFC8CE /* Assets.xcassets */; };
		352C9410264816CF00FFC8CE /* LaunchScreen.storyboard in Resources */ = {isa = PBXBuildFile; fileRef = 352C940E264816CF00FFC8CE /* LaunchScreen.storyboard */; };
		352C941826481AC500FFC8CE /* LoginViewModel.swift in Sources */ = {isa = PBXBuildFile; fileRef = 352C941726481AC500FFC8CE /* LoginViewModel.swift */; };
		357308B9264834EC000B9D46 /* API.swift in Sources */ = {isa = PBXBuildFile; fileRef = 357308B8264834EC000B9D46 /* API.swift */; };
		ECB8B1EB8384C65818376216 /* Pods_LoginDemo.framework in Frameworks */ = {isa = PBXBuildFile; fileRef = BA085C18FE4DEAC48841B56A /* Pods_LoginDemo.framework */; };
/* End PBXBuildFile section */

/* Begin PBXFileReference section */
		0576B18093865786B1564FB2 /* Pods-LoginDemo.release.xcconfig */ = {isa = PBXFileReference; includeInIndex = 1; lastKnownFileType = text.xcconfig; name = "Pods-LoginDemo.release.xcconfig"; path = "Target Support Files/Pods-LoginDemo/Pods-LoginDemo.release.xcconfig"; sourceTree = "<group>"; };
		352C9400264816CB00FFC8CE /* LoginDemo.app */ = {isa = PBXFileReference; explicitFileType = wrapper.application; includeInIndex = 0; path = LoginDemo.app; sourceTree = BUILT_PRODUCTS_DIR; };
		352C9403264816CB00FFC8CE /* AppDelegate.swift */ = {isa = PBXFileReference; lastKnownFileType = sourcecode.swift; path = AppDelegate.swift; sourceTree = "<group>"; };
		352C9405264816CB00FFC8CE /* SceneDelegate.swift */ = {isa = PBXFileReference; lastKnownFileType = sourcecode.swift; path = SceneDelegate.swift; sourceTree = "<group>"; };
		352C9407264816CB00FFC8CE /* ViewController.swift */ = {isa = PBXFileReference; lastKnownFileType = sourcecode.swift; path = ViewController.swift; sourceTree = "<group>"; };
		352C940A264816CB00FFC8CE /* Base */ = {isa = PBXFileReference; lastKnownFileType = file.storyboard; name = Base; path = Base.lproj/Main.storyboard; sourceTree = "<group>"; };
		352C940C264816CF00FFC8CE /* Assets.xcassets */ = {isa = PBXFileReference; lastKnownFileType = folder.assetcatalog; path = Assets.xcassets; sourceTree = "<group>"; };
		352C940F264816CF00FFC8CE /* Base */ = {isa = PBXFileReference; lastKnownFileType = file.storyboard; name = Base; path = Base.lproj/LaunchScreen.storyboard; sourceTree = "<group>"; };
		352C9411264816CF00FFC8CE /* Info.plist */ = {isa = PBXFileReference; lastKnownFileType = text.plist.xml; path = Info.plist; sourceTree = "<group>"; };
		352C941726481AC500FFC8CE /* LoginViewModel.swift */ = {isa = PBXFileReference; lastKnownFileType = sourcecode.swift; path = LoginViewModel.swift; sourceTree = "<group>"; };
		357308B8264834EC000B9D46 /* API.swift */ = {isa = PBXFileReference; lastKnownFileType = sourcecode.swift; path = API.swift; sourceTree = "<group>"; };
		35AF829E9B1B8231CE03928E /* Pods-LoginDemo.debug.xcconfig */ = {isa = PBXFileReference; includeInIndex = 1; lastKnownFileType = text.xcconfig; name = "Pods-LoginDemo.debug.xcconfig"; path = "Target Support Files/Pods-LoginDemo/Pods-LoginDemo.debug.xcconfig"; sourceTree = "<group>"; };
		BA085C18FE4DEAC48841B56A /* Pods_LoginDemo.framework */ = {isa = PBXFileReference; explicitFileType = wrapper.framework; includeInIndex = 0; path = Pods_LoginDemo.framework; sourceTree = BUILT_PRODUCTS_DIR; };
/* End PBXFileReference section */

/* Begin PBXFrameworksBuildPhase section */
		352C93FD264816CB00FFC8CE /* Frameworks */ = {
			isa = PBXFrameworksBuildPhase;
			buildActionMask = 2147483647;
			files = (
				ECB8B1EB8384C65818376216 /* Pods_LoginDemo.framework in Frameworks */,
			);
			runOnlyForDeploymentPostprocessing = 0;
		};
/* End PBXFrameworksBuildPhase section */

/* Begin PBXGroup section */
		352C93F7264816CB00FFC8CE = {
			isa = PBXGroup;
			children = (
				352C9402264816CB00FFC8CE /* LoginDemo */,
				352C9401264816CB00FFC8CE /* Products */,
				55FCE1B35A79770DA0A76FE7 /* Pods */,
				78424F21C78D250C69637FB1 /* Frameworks */,
			);
			sourceTree = "<group>";
		};
		352C9401264816CB00FFC8CE /* Products */ = {
			isa = PBXGroup;
			children = (
				352C9400264816CB00FFC8CE /* LoginDemo.app */,
			);
			name = Products;
			sourceTree = "<group>";
		};
		352C9402264816CB00FFC8CE /* LoginDemo */ = {
			isa = PBXGroup;
			children = (
				352C9403264816CB00FFC8CE /* AppDelegate.swift */,
				352C9405264816CB00FFC8CE /* SceneDelegate.swift */,
				352C9407264816CB00FFC8CE /* ViewController.swift */,
				352C941726481AC500FFC8CE /* LoginViewModel.swift */,
				352C9409264816CB00FFC8CE /* Main.storyboard */,
				352C940C264816CF00FFC8CE /* Assets.xcassets */,
				352C940E264816CF00FFC8CE /* LaunchScreen.storyboard */,
				352C9411264816CF00FFC8CE /* Info.plist */,
				357308B8264834EC000B9D46 /* API.swift */,
			);
			path = LoginDemo;
			sourceTree = "<group>";
		};
		55FCE1B35A79770DA0A76FE7 /* Pods */ = {
			isa = PBXGroup;
			children = (
				35AF829E9B1B8231CE03928E /* Pods-LoginDemo.debug.xcconfig */,
				0576B18093865786B1564FB2 /* Pods-LoginDemo.release.xcconfig */,
			);
			path = Pods;
			sourceTree = "<group>";
		};
		78424F21C78D250C69637FB1 /* Frameworks */ = {
			isa = PBXGroup;
			children = (
				BA085C18FE4DEAC48841B56A /* Pods_LoginDemo.framework */,
			);
			name = Frameworks;
			sourceTree = "<group>";
		};
/* End PBXGroup section */

/* Begin PBXNativeTarget section */
		352C93FF264816CB00FFC8CE /* LoginDemo */ = {
			isa = PBXNativeTarget;
			buildConfigurationList = 352C9414264816CF00FFC8CE /* Build configuration list for PBXNativeTarget "LoginDemo" */;
			buildPhases = (
				B844C61E118161CC80507221 /* [CP] Check Pods Manifest.lock */,
				352C93FC264816CB00FFC8CE /* Sources */,
				352C93FD264816CB00FFC8CE /* Frameworks */,
				352C93FE264816CB00FFC8CE /* Resources */,
				C0AA3DEE09379D1D5AFAFC56 /* [CP] Embed Pods Frameworks */,
			);
			buildRules = (
			);
			dependencies = (
			);
			name = LoginDemo;
			productName = LoginDemo;
			productReference = 352C9400264816CB00FFC8CE /* LoginDemo.app */;
			productType = "com.apple.product-type.application";
		};
/* End PBXNativeTarget section */

/* Begin PBXProject section */
		352C93F8264816CB00FFC8CE /* Project object */ = {
			isa = PBXProject;
			attributes = {
				LastSwiftUpdateCheck = 1250;
				LastUpgradeCheck = 1250;
				TargetAttributes = {
					352C93FF264816CB00FFC8CE = {
						CreatedOnToolsVersion = 12.5;
					};
				};
			};
			buildConfigurationList = 352C93FB264816CB00FFC8CE /* Build configuration list for PBXProject "LoginDemo" */;
			compatibilityVersion = "Xcode 9.3";
			developmentRegion = en;
			hasScannedForEncodings = 0;
			knownRegions = (
				en,
				Base,
			);
			mainGroup = 352C93F7264816CB00FFC8CE;
			productRefGroup = 352C9401264816CB00FFC8CE /* Products */;
			projectDirPath = "";
			projectRoot = "";
			targets = (
				352C93FF264816CB00FFC8CE /* LoginDemo */,
			);
		};
/* End PBXProject section */

/* Begin PBXResourcesBuildPhase section */
		352C93FE264816CB00FFC8CE /* Resources */ = {
			isa = PBXResourcesBuildPhase;
			buildActionMask = 2147483647;
			files = (
				352C9410264816CF00FFC8CE /* LaunchScreen.storyboard in Resources */,
				352C940D264816CF00FFC8CE /* Assets.xcassets in Resources */,
				352C940B264816CB00FFC8CE /* Main.storyboard in Resources */,
			);
			runOnlyForDeploymentPostprocessing = 0;
		};
/* End PBXResourcesBuildPhase section */

/* Begin PBXShellScriptBuildPhase section */
		B844C61E118161CC80507221 /* [CP] Check Pods Manifest.lock */ = {
			isa = PBXShellScriptBuildPhase;
			buildActionMask = 2147483647;
			files = (
			);
			inputFileListPaths = (
			);
			inputPaths = (
				"${PODS_PODFILE_DIR_PATH}/Podfile.lock",
				"${PODS_ROOT}/Manifest.lock",
			);
			name = "[CP] Check Pods Manifest.lock";
			outputFileListPaths = (
			);
			outputPaths = (
				"$(DERIVED_FILE_DIR)/Pods-LoginDemo-checkManifestLockResult.txt",
			);
			runOnlyForDeploymentPostprocessing = 0;
			shellPath = /bin/sh;
			shellScript = "diff \"${PODS_PODFILE_DIR_PATH}/Podfile.lock\" \"${PODS_ROOT}/Manifest.lock\" > /dev/null\nif [ $? != 0 ] ; then\n    # print error to STDERR\n    echo \"error: The sandbox is not in sync with the Podfile.lock. Run 'pod install' or update your CocoaPods installation.\" >&2\n    exit 1\nfi\n# This output is used by Xcode 'outputs' to avoid re-running this script phase.\necho \"SUCCESS\" > \"${SCRIPT_OUTPUT_FILE_0}\"\n";
			showEnvVarsInLog = 0;
		};
		C0AA3DEE09379D1D5AFAFC56 /* [CP] Embed Pods Frameworks */ = {
			isa = PBXShellScriptBuildPhase;
			buildActionMask = 2147483647;
			files = (
			);
			inputFileListPaths = (
				"${PODS_ROOT}/Target Support Files/Pods-LoginDemo/Pods-LoginDemo-frameworks-${CONFIGURATION}-input-files.xcfilelist",
			);
			name = "[CP] Embed Pods Frameworks";
			outputFileListPaths = (
				"${PODS_ROOT}/Target Support Files/Pods-LoginDemo/Pods-LoginDemo-frameworks-${CONFIGURATION}-output-files.xcfilelist",
			);
			runOnlyForDeploymentPostprocessing = 0;
			shellPath = /bin/sh;
			shellScript = "\"${PODS_ROOT}/Target Support Files/Pods-LoginDemo/Pods-LoginDemo-frameworks.sh\"\n";
			showEnvVarsInLog = 0;
		};
/* End PBXShellScriptBuildPhase section */

/* Begin PBXSourcesBuildPhase section */
		352C93FC264816CB00FFC8CE /* Sources */ = {
			isa = PBXSourcesBuildPhase;
			buildActionMask = 2147483647;
			files = (
				352C9408264816CB00FFC8CE /* ViewController.swift in Sources */,
				352C9404264816CB00FFC8CE /* AppDelegate.swift in Sources */,
				352C941826481AC500FFC8CE /* LoginViewModel.swift in Sources */,
				352C9406264816CB00FFC8CE /* SceneDelegate.swift in Sources */,
				357308B9264834EC000B9D46 /* API.swift in Sources */,
			);
			runOnlyForDeploymentPostprocessing = 0;
		};
/* End PBXSourcesBuildPhase section */

/* Begin PBXVariantGroup section */
		352C9409264816CB00FFC8CE /* Main.storyboard */ = {
			isa = PBXVariantGroup;
			children = (
				352C940A264816CB00FFC8CE /* Base */,
			);
			name = Main.storyboard;
			sourceTree = "<group>";
		};
		352C940E264816CF00FFC8CE /* LaunchScreen.storyboard */ = {
			isa = PBXVariantGroup;
			children = (
				352C940F264816CF00FFC8CE /* Base */,
			);
			name = LaunchScreen.storyboard;
			sourceTree = "<group>";
		};
/* End PBXVariantGroup section */

/* Begin XCBuildConfiguration section */
		352C9412264816CF00FFC8CE /* Debug */ = {
			isa = XCBuildConfiguration;
			buildSettings = {
				ALWAYS_SEARCH_USER_PATHS = NO;
				CLANG_ANALYZER_NONNULL = YES;
				CLANG_ANALYZER_NUMBER_OBJECT_CONVERSION = YES_AGGRESSIVE;
				CLANG_CXX_LANGUAGE_STANDARD = "gnu++14";
				CLANG_CXX_LIBRARY = "libc++";
				CLANG_ENABLE_MODULES = YES;
				CLANG_ENABLE_OBJC_ARC = YES;
				CLANG_ENABLE_OBJC_WEAK = YES;
				CLANG_WARN_BLOCK_CAPTURE_AUTORELEASING = YES;
				CLANG_WARN_BOOL_CONVERSION = YES;
				CLANG_WARN_COMMA = YES;
				CLANG_WARN_CONSTANT_CONVERSION = YES;
				CLANG_WARN_DEPRECATED_OBJC_IMPLEMENTATIONS = YES;
				CLANG_WARN_DIRECT_OBJC_ISA_USAGE = YES_ERROR;
				CLANG_WARN_DOCUMENTATION_COMMENTS = YES;
				CLANG_WARN_EMPTY_BODY = YES;
				CLANG_WARN_ENUM_CONVERSION = YES;
				CLANG_WARN_INFINITE_RECURSION = YES;
				CLANG_WARN_INT_CONVERSION = YES;
				CLANG_WARN_NON_LITERAL_NULL_CONVERSION = YES;
				CLANG_WARN_OBJC_IMPLICIT_RETAIN_SELF = YES;
				CLANG_WARN_OBJC_LITERAL_CONVERSION = YES;
				CLANG_WARN_OBJC_ROOT_CLASS = YES_ERROR;
				CLANG_WARN_QUOTED_INCLUDE_IN_FRAMEWORK_HEADER = YES;
				CLANG_WARN_RANGE_LOOP_ANALYSIS = YES;
				CLANG_WARN_STRICT_PROTOTYPES = YES;
				CLANG_WARN_SUSPICIOUS_MOVE = YES;
				CLANG_WARN_UNGUARDED_AVAILABILITY = YES_AGGRESSIVE;
				CLANG_WARN_UNREACHABLE_CODE = YES;
				CLANG_WARN__DUPLICATE_METHOD_MATCH = YES;
				COPY_PHASE_STRIP = NO;
				DEBUG_INFORMATION_FORMAT = dwarf;
				ENABLE_STRICT_OBJC_MSGSEND = YES;
				ENABLE_TESTABILITY = YES;
				GCC_C_LANGUAGE_STANDARD = gnu11;
				GCC_DYNAMIC_NO_PIC = NO;
				GCC_NO_COMMON_BLOCKS = YES;
				GCC_OPTIMIZATION_LEVEL = 0;
				GCC_PREPROCESSOR_DEFINITIONS = (
					"DEBUG=1",
					"$(inherited)",
				);
				GCC_WARN_64_TO_32_BIT_CONVERSION = YES;
				GCC_WARN_ABOUT_RETURN_TYPE = YES_ERROR;
				GCC_WARN_UNDECLARED_SELECTOR = YES;
				GCC_WARN_UNINITIALIZED_AUTOS = YES_AGGRESSIVE;
				GCC_WARN_UNUSED_FUNCTION = YES;
				GCC_WARN_UNUSED_VARIABLE = YES;
				IPHONEOS_DEPLOYMENT_TARGET = 14.5;
				MTL_ENABLE_DEBUG_INFO = INCLUDE_SOURCE;
				MTL_FAST_MATH = YES;
				ONLY_ACTIVE_ARCH = YES;
				SDKROOT = iphoneos;
				SWIFT_ACTIVE_COMPILATION_CONDITIONS = DEBUG;
				SWIFT_OPTIMIZATION_LEVEL = "-Onone";
			};
			name = Debug;
		};
		352C9413264816CF00FFC8CE /* Release */ = {
			isa = XCBuildConfiguration;
			buildSettings = {
				ALWAYS_SEARCH_USER_PATHS = NO;
				CLANG_ANALYZER_NONNULL = YES;
				CLANG_ANALYZER_NUMBER_OBJECT_CONVERSION = YES_AGGRESSIVE;
				CLANG_CXX_LANGUAGE_STANDARD = "gnu++14";
				CLANG_CXX_LIBRARY = "libc++";
				CLANG_ENABLE_MODULES = YES;
				CLANG_ENABLE_OBJC_ARC = YES;
				CLANG_ENABLE_OBJC_WEAK = YES;
				CLANG_WARN_BLOCK_CAPTURE_AUTORELEASING = YES;
				CLANG_WARN_BOOL_CONVERSION = YES;
				CLANG_WARN_COMMA = YES;
				CLANG_WARN_CONSTANT_CONVERSION = YES;
				CLANG_WARN_DEPRECATED_OBJC_IMPLEMENTATIONS = YES;
				CLANG_WARN_DIRECT_OBJC_ISA_USAGE = YES_ERROR;
				CLANG_WARN_DOCUMENTATION_COMMENTS = YES;
				CLANG_WARN_EMPTY_BODY = YES;
				CLANG_WARN_ENUM_CONVERSION = YES;
				CLANG_WARN_INFINITE_RECURSION = YES;
				CLANG_WARN_INT_CONVERSION = YES;
				CLANG_WARN_NON_LITERAL_NULL_CONVERSION = YES;
				CLANG_WARN_OBJC_IMPLICIT_RETAIN_SELF = YES;
				CLANG_WARN_OBJC_LITERAL_CONVERSION = YES;
				CLANG_WARN_OBJC_ROOT_CLASS = YES_ERROR;
				CLANG_WARN_QUOTED_INCLUDE_IN_FRAMEWORK_HEADER = YES;
				CLANG_WARN_RANGE_LOOP_ANALYSIS = YES;
				CLANG_WARN_STRICT_PROTOTYPES = YES;
				CLANG_WARN_SUSPICIOUS_MOVE = YES;
				CLANG_WARN_UNGUARDED_AVAILABILITY = YES_AGGRESSIVE;
				CLANG_WARN_UNREACHABLE_CODE = YES;
				CLANG_WARN__DUPLICATE_METHOD_MATCH = YES;
				COPY_PHASE_STRIP = NO;
				DEBUG_INFORMATION_FORMAT = "dwarf-with-dsym";
				ENABLE_NS_ASSERTIONS = NO;
				ENABLE_STRICT_OBJC_MSGSEND = YES;
				GCC_C_LANGUAGE_STANDARD = gnu11;
				GCC_NO_COMMON_BLOCKS = YES;
				GCC_WARN_64_TO_32_BIT_CONVERSION = YES;
				GCC_WARN_ABOUT_RETURN_TYPE = YES_ERROR;
				GCC_WARN_UNDECLARED_SELECTOR = YES;
				GCC_WARN_UNINITIALIZED_AUTOS = YES_AGGRESSIVE;
				GCC_WARN_UNUSED_FUNCTION = YES;
				GCC_WARN_UNUSED_VARIABLE = YES;
				IPHONEOS_DEPLOYMENT_TARGET = 14.5;
				MTL_ENABLE_DEBUG_INFO = NO;
				MTL_FAST_MATH = YES;
				SDKROOT = iphoneos;
				SWIFT_COMPILATION_MODE = wholemodule;
				SWIFT_OPTIMIZATION_LEVEL = "-O";
				VALIDATE_PRODUCT = YES;
			};
			name = Release;
		};
		352C9415264816CF00FFC8CE /* Debug */ = {
			isa = XCBuildConfiguration;
			baseConfigurationReference = 35AF829E9B1B8231CE03928E /* Pods-LoginDemo.debug.xcconfig */;
			buildSettings = {
				ASSETCATALOG_COMPILER_APPICON_NAME = AppIcon;
				ASSETCATALOG_COMPILER_GLOBAL_ACCENT_COLOR_NAME = AccentColor;
				CODE_SIGN_STYLE = Automatic;
				INFOPLIST_FILE = LoginDemo/Info.plist;
				LD_RUNPATH_SEARCH_PATHS = (
					"$(inherited)",
					"@executable_path/Frameworks",
				);
				PRODUCT_BUNDLE_IDENTIFIER = TanhLe.LoginDemo;
				PRODUCT_NAME = "$(TARGET_NAME)";
				SWIFT_VERSION = 5.0;
				TARGETED_DEVICE_FAMILY = "1,2";
			};
			name = Debug;
		};
		352C9416264816CF00FFC8CE /* Release */ = {
			isa = XCBuildConfiguration;
			baseConfigurationReference = 0576B18093865786B1564FB2 /* Pods-LoginDemo.release.xcconfig */;
			buildSettings = {
				ASSETCATALOG_COMPILER_APPICON_NAME = AppIcon;
				ASSETCATALOG_COMPILER_GLOBAL_ACCENT_COLOR_NAME = AccentColor;
				CODE_SIGN_STYLE = Automatic;
				INFOPLIST_FILE = LoginDemo/Info.plist;
				LD_RUNPATH_SEARCH_PATHS = (
					"$(inherited)",
					"@executable_path/Frameworks",
				);
				PRODUCT_BUNDLE_IDENTIFIER = TanhLe.LoginDemo;
				PRODUCT_NAME = "$(TARGET_NAME)";
				SWIFT_VERSION = 5.0;
				TARGETED_DEVICE_FAMILY = "1,2";
			};
			name = Release;
		};
/* End XCBuildConfiguration section */

/* Begin XCConfigurationList section */
		352C93FB264816CB00FFC8CE /* Build configuration list for PBXProject "LoginDemo" */ = {
			isa = XCConfigurationList;
			buildConfigurations = (
				352C9412264816CF00FFC8CE /* Debug */,
				352C9413264816CF00FFC8CE /* Release */,
			);
			defaultConfigurationIsVisible = 0;
			defaultConfigurationName = Release;
		};
		352C9414264816CF00FFC8CE /* Build configuration list for PBXNativeTarget "LoginDemo" */ = {
			isa = XCConfigurationList;
			buildConfigurations = (
				352C9415264816CF00FFC8CE /* Debug */,
				352C9416264816CF00FFC8CE /* Release */,
			);
			defaultConfigurationIsVisible = 0;
			defaultConfigurationName = Release;
		};
/* End XCConfigurationList section */
	};
	rootObject = 352C93F8264816CB00FFC8CE /* Project object */;
}
